// !$*UTF8*$!
{
	archiveVersion = 1;
	classes = {
	};
	objectVersion = 70;
	objects = {

/* Begin PBXBuildFile section */
		7D96A946ABA4704A2EA84F32 /* BusdesNativeiOS.xcdatamodeld in Sources */ = {isa = PBXBuildFile; fileRef = 1529509ABA3468ABCFACF064 /* BusdesNativeiOS.xcdatamodeld */; };
		DE4AAC3C9F63A3B5F3C2171D /* Assets.xcassets in Resources */ = {isa = PBXBuildFile; fileRef = C01B753F05B3584CFE61D32E /* Assets.xcassets */; };
/* End PBXBuildFile section */

/* Begin PBXFileReference section */
		89B3160AD9D3F2EDE1828C63 /* BusdesNativeiOS.app */ = {isa = PBXFileReference; explicitFileType = wrapper.application; includeInIndex = 0; path = BusdesNativeiOS.app; sourceTree = BUILT_PRODUCTS_DIR; };
		8C6D8371453AB2499855EB38 /* Info.plist */ = {isa = PBXFileReference; lastKnownFileType = text.plist; path = Info.plist; sourceTree = "<group>"; };
		C01B753F05B3584CFE61D32E /* Assets.xcassets */ = {isa = PBXFileReference; lastKnownFileType = folder.assetcatalog; path = Assets.xcassets; sourceTree = "<group>"; };
		F57E2C484A0B2F3420A862CB /* BusdesNativeiOS.xcdatamodel */ = {isa = PBXFileReference; lastKnownFileType = wrapper.xcdatamodel; path = BusdesNativeiOS.xcdatamodel; sourceTree = "<group>"; };
/* End PBXFileReference section */

/* Begin PBXFileSystemSynchronizedRootGroup section */
		BF2712312DC1E9CF00972F13 /* Application */ = {isa = PBXFileSystemSynchronizedRootGroup; explicitFileTypes = {}; explicitFolders = (); path = Application; sourceTree = "<group>"; };
		BF2712332DC1EA1100972F13 /* Models */ = {isa = PBXFileSystemSynchronizedRootGroup; explicitFileTypes = {}; explicitFolders = (); path = Models; sourceTree = "<group>"; };
		BF2712352DC1EA5100972F13 /* Views */ = {isa = PBXFileSystemSynchronizedRootGroup; explicitFileTypes = {}; explicitFolders = (); path = Views; sourceTree = "<group>"; };
		BF2712362DC1EA7000972F13 /* ViewModels */ = {isa = PBXFileSystemSynchronizedRootGroup; explicitFileTypes = {}; explicitFolders = (); path = ViewModels; sourceTree = "<group>"; };
		BF2712372DC1EA7700972F13 /* Services */ = {isa = PBXFileSystemSynchronizedRootGroup; explicitFileTypes = {}; explicitFolders = (); path = Services; sourceTree = "<group>"; };
		BF2712382DC1EA8900972F13 /* Repositories */ = {isa = PBXFileSystemSynchronizedRootGroup; explicitFileTypes = {}; explicitFolders = (); path = Repositories; sourceTree = "<group>"; };
		BF2712392DC1EA9600972F13 /* Utilities */ = {isa = PBXFileSystemSynchronizedRootGroup; explicitFileTypes = {}; explicitFolders = (); path = Utilities; sourceTree = "<group>"; };
		BF27123A2DC1EAB500972F13 /* Resources */ = {isa = PBXFileSystemSynchronizedRootGroup; explicitFileTypes = {}; explicitFolders = (); path = Resources; sourceTree = "<group>"; };
/* End PBXFileSystemSynchronizedRootGroup section */

/* Begin PBXFrameworksBuildPhase section */
		7FD8147D44CD0C23CA71CAAA /* Frameworks */ = {
			isa = PBXFrameworksBuildPhase;
			buildActionMask = 2147483647;
			files = (
			);
			runOnlyForDeploymentPostprocessing = 0;
		};
/* End PBXFrameworksBuildPhase section */

/* Begin PBXGroup section */
		1E0FFD14EB8DF9D15FFBDDBD /* BusdesNativeiOS */ = {
			isa = PBXGroup;
			children = (
				BF2712312DC1E9CF00972F13 /* Application */,
				C01B753F05B3584CFE61D32E /* Assets.xcassets */,
				1529509ABA3468ABCFACF064 /* BusdesNativeiOS.xcdatamodeld */,
				8C6D8371453AB2499855EB38 /* Info.plist */,
				BF2712332DC1EA1100972F13 /* Models */,
				BF2712382DC1EA8900972F13 /* Repositories */,
				BF27123A2DC1EAB500972F13 /* Resources */,
				BF2712372DC1EA7700972F13 /* Services */,
				BF2712392DC1EA9600972F13 /* Utilities */,
				BF2712362DC1EA7000972F13 /* ViewModels */,
				BF2712352DC1EA5100972F13 /* Views */,
			);
			path = BusdesNativeiOS;
			sourceTree = "<group>";
		};
		390FF4D32AEAC2B7FB3235DC = {
			isa = PBXGroup;
			children = (
				1E0FFD14EB8DF9D15FFBDDBD /* BusdesNativeiOS */,
				BFD14A1B3CFBC1D1E63C2807 /* Products */,
			);
			sourceTree = "<group>";
		};
		BFD14A1B3CFBC1D1E63C2807 /* Products */ = {
			isa = PBXGroup;
			children = (
				89B3160AD9D3F2EDE1828C63 /* BusdesNativeiOS.app */,
			);
			name = Products;
			sourceTree = "<group>";
		};
/* End PBXGroup section */

/* Begin PBXNativeTarget section */
		493912A3FBFA8DE71D312704 /* BusdesNativeiOS */ = {
			isa = PBXNativeTarget;
			buildConfigurationList = B133766E13A88BDECFD73123 /* Build configuration list for PBXNativeTarget "BusdesNativeiOS" */;
			buildPhases = (
				F08702742ECB38DC54E58AEA /* Sources */,
				F03C891D5A13172014B3FFF9 /* Resources */,
				7FD8147D44CD0C23CA71CAAA /* Frameworks */,
			);
			buildRules = (
			);
			dependencies = (
			);
			fileSystemSynchronizedGroups = (
				BF2712312DC1E9CF00972F13 /* Application */,
				BF2712332DC1EA1100972F13 /* Models */,
				BF2712352DC1EA5100972F13 /* Views */,
				BF2712362DC1EA7000972F13 /* ViewModels */,
				BF2712372DC1EA7700972F13 /* Services */,
				BF2712382DC1EA8900972F13 /* Repositories */,
				BF2712392DC1EA9600972F13 /* Utilities */,
				BF27123A2DC1EAB500972F13 /* Resources */,
			);
			name = BusdesNativeiOS;
			packageProductDependencies = (
			);
			productName = BusdesNativeiOS;
			productReference = 89B3160AD9D3F2EDE1828C63 /* BusdesNativeiOS.app */;
			productType = "com.apple.product-type.application";
		};
/* End PBXNativeTarget section */

/* Begin PBXProject section */
		B5CB44FBE37E99D75DFE4693 /* Project object */ = {
			isa = PBXProject;
			attributes = {
				BuildIndependentTargetsInParallel = YES;
				LastUpgradeCheck = 1630;
			};
			buildConfigurationList = 97A47B3277B2C8776A98EBDB /* Build configuration list for PBXProject "BusdesNativeiOS" */;
			compatibilityVersion = "Xcode 11.0";
			developmentRegion = ja;
			hasScannedForEncodings = 0;
			knownRegions = (
				Base,
				ja,
			);
			mainGroup = 390FF4D32AEAC2B7FB3235DC;
			packageReferences = (
			);
			projectDirPath = "";
			projectRoot = "";
			targets = (
				493912A3FBFA8DE71D312704 /* BusdesNativeiOS */,
			);
		};
/* End PBXProject section */

/* Begin PBXResourcesBuildPhase section */
		F03C891D5A13172014B3FFF9 /* Resources */ = {
			isa = PBXResourcesBuildPhase;
			buildActionMask = 2147483647;
			files = (
				DE4AAC3C9F63A3B5F3C2171D /* Assets.xcassets in Resources */,
			);
			runOnlyForDeploymentPostprocessing = 0;
		};
/* End PBXResourcesBuildPhase section */

/* Begin PBXSourcesBuildPhase section */
		F08702742ECB38DC54E58AEA /* Sources */ = {
			isa = PBXSourcesBuildPhase;
			buildActionMask = 2147483647;
			files = (
				7D96A946ABA4704A2EA84F32 /* BusdesNativeiOS.xcdatamodeld in Sources */,
			);
			runOnlyForDeploymentPostprocessing = 0;
		};
/* End PBXSourcesBuildPhase section */

/* Begin XCBuildConfiguration section */
		17C5191BEF0EE25FBC486C6E /* Develop */ = {
			isa = XCBuildConfiguration;
			buildSettings = {
				ALWAYS_SEARCH_USER_PATHS = NO;
				CLANG_ANALYZER_LOCALIZABILITY_NONLOCALIZED = YES;
				CLANG_ANALYZER_NONNULL = YES;
				CLANG_ANALYZER_NUMBER_OBJECT_CONVERSION = YES_AGGRESSIVE;
				CLANG_CXX_LANGUAGE_STANDARD = "gnu++14";
				CLANG_CXX_LIBRARY = "libc++";
				CLANG_ENABLE_MODULES = YES;
				CLANG_ENABLE_OBJC_ARC = YES;
				CLANG_ENABLE_OBJC_WEAK = YES;
				CLANG_WARN_BLOCK_CAPTURE_AUTORELEASING = YES;
				CLANG_WARN_BOOL_CONVERSION = YES;
				CLANG_WARN_COMMA = YES;
				CLANG_WARN_CONSTANT_CONVERSION = YES;
				CLANG_WARN_DEPRECATED_OBJC_IMPLEMENTATIONS = YES;
				CLANG_WARN_DIRECT_OBJC_ISA_USAGE = YES_ERROR;
				CLANG_WARN_DOCUMENTATION_COMMENTS = YES;
				CLANG_WARN_EMPTY_BODY = YES;
				CLANG_WARN_ENUM_CONVERSION = YES;
				CLANG_WARN_INFINITE_RECURSION = YES;
				CLANG_WARN_INT_CONVERSION = YES;
				CLANG_WARN_NON_LITERAL_NULL_CONVERSION = YES;
				CLANG_WARN_OBJC_IMPLICIT_RETAIN_SELF = YES;
				CLANG_WARN_OBJC_LITERAL_CONVERSION = YES;
				CLANG_WARN_OBJC_ROOT_CLASS = YES_ERROR;
				CLANG_WARN_QUOTED_INCLUDE_IN_FRAMEWORK_HEADER = YES;
				CLANG_WARN_RANGE_LOOP_ANALYSIS = YES;
				CLANG_WARN_STRICT_PROTOTYPES = YES;
				CLANG_WARN_SUSPICIOUS_MOVE = YES;
				CLANG_WARN_UNGUARDED_AVAILABILITY = YES_AGGRESSIVE;
				CLANG_WARN_UNREACHABLE_CODE = YES;
				CLANG_WARN__DUPLICATE_METHOD_MATCH = YES;
				COPY_PHASE_STRIP = NO;
				DEBUG_INFORMATION_FORMAT = dwarf;
				DEVELOPMENT_TEAM = H6WZ83BNAM;
				ENABLE_STRICT_OBJC_MSGSEND = YES;
				ENABLE_TESTABILITY = YES;
				ENABLE_USER_SCRIPT_SANDBOXING = YES;
				GCC_C_LANGUAGE_STANDARD = gnu11;
				GCC_DYNAMIC_NO_PIC = NO;
				GCC_NO_COMMON_BLOCKS = YES;
				GCC_OPTIMIZATION_LEVEL = 0;
				GCC_PREPROCESSOR_DEFINITIONS = (
					"$(inherited)",
					"DEBUG=1",
				);
				GCC_WARN_64_TO_32_BIT_CONVERSION = YES;
				GCC_WARN_ABOUT_RETURN_TYPE = YES_ERROR;
				GCC_WARN_UNDECLARED_SELECTOR = YES;
				GCC_WARN_UNINITIALIZED_AUTOS = YES_AGGRESSIVE;
				GCC_WARN_UNUSED_FUNCTION = YES;
				GCC_WARN_UNUSED_VARIABLE = YES;
				IPHONEOS_DEPLOYMENT_TARGET = 13.1.3;
				MTL_ENABLE_DEBUG_INFO = INCLUDE_SOURCE;
				MTL_FAST_MATH = YES;
				ONLY_ACTIVE_ARCH = YES;
				PRODUCT_NAME = "$(TARGET_NAME)";
				SDKROOT = iphoneos;
				SWIFT_ACTIVE_COMPILATION_CONDITIONS = DEBUG;
				SWIFT_OPTIMIZATION_LEVEL = "-Onone";
				SWIFT_VERSION = 5.0;
				TARGETED_DEVICE_FAMILY = "1,2";
			};
			name = Develop;
		};
		8C11E2A6386BEE8F8F355848 /* Develop */ = {
			isa = XCBuildConfiguration;
			buildSettings = {
				ASSETCATALOG_COMPILER_APPICON_NAME = AppIcon;
				BUNDLE_DISPLAY_NAME = BusdesNativeiOS;
				CODE_SIGN_IDENTITY = "Apple Development";
				CODE_SIGN_STYLE = Automatic;
				CURRENT_PROJECT_BUILD_NUMBER = 1;
				INFOPLIST_FILE = BusdesNativeiOS/Info.plist;
				INFOPLIST_KEY_CFBundleDisplayName = "Busdes!";
				INFOPLIST_KEY_LSApplicationCategoryType = "public.app-category.navigation";
				IPHONEOS_DEPLOYMENT_TARGET = 17.0;
				LD_RUNPATH_SEARCH_PATHS = (
					"$(inherited)",
					"@executable_path/Frameworks",
				);
				MARKETING_VERSION = 9.0.0;
				PRODUCT_BUNDLE_IDENTIFIER = busdes.rits.jp;
				PROVISIONING_PROFILE_SPECIFIER = "";
				SDKROOT = iphoneos;
				TARGETED_DEVICE_FAMILY = "1,2";
			};
			name = Develop;
		};
		C0C101CAAC5274E72E155AC6 /* Release */ = {
			isa = XCBuildConfiguration;
			buildSettings = {
				ALWAYS_SEARCH_USER_PATHS = NO;
				CLANG_ANALYZER_LOCALIZABILITY_NONLOCALIZED = YES;
				CLANG_ANALYZER_NONNULL = YES;
				CLANG_ANALYZER_NUMBER_OBJECT_CONVERSION = YES_AGGRESSIVE;
				CLANG_CXX_LANGUAGE_STANDARD = "gnu++14";
				CLANG_CXX_LIBRARY = "libc++";
				CLANG_ENABLE_MODULES = YES;
				CLANG_ENABLE_OBJC_ARC = YES;
				CLANG_ENABLE_OBJC_WEAK = YES;
				CLANG_WARN_BLOCK_CAPTURE_AUTORELEASING = YES;
				CLANG_WARN_BOOL_CONVERSION = YES;
				CLANG_WARN_COMMA = YES;
				CLANG_WARN_CONSTANT_CONVERSION = YES;
				CLANG_WARN_DEPRECATED_OBJC_IMPLEMENTATIONS = YES;
				CLANG_WARN_DIRECT_OBJC_ISA_USAGE = YES_ERROR;
				CLANG_WARN_DOCUMENTATION_COMMENTS = YES;
				CLANG_WARN_EMPTY_BODY = YES;
				CLANG_WARN_ENUM_CONVERSION = YES;
				CLANG_WARN_INFINITE_RECURSION = YES;
				CLANG_WARN_INT_CONVERSION = YES;
				CLANG_WARN_NON_LITERAL_NULL_CONVERSION = YES;
				CLANG_WARN_OBJC_IMPLICIT_RETAIN_SELF = YES;
				CLANG_WARN_OBJC_LITERAL_CONVERSION = YES;
				CLANG_WARN_OBJC_ROOT_CLASS = YES_ERROR;
				CLANG_WARN_QUOTED_INCLUDE_IN_FRAMEWORK_HEADER = YES;
				CLANG_WARN_RANGE_LOOP_ANALYSIS = YES;
				CLANG_WARN_STRICT_PROTOTYPES = YES;
				CLANG_WARN_SUSPICIOUS_MOVE = YES;
				CLANG_WARN_UNGUARDED_AVAILABILITY = YES_AGGRESSIVE;
				CLANG_WARN_UNREACHABLE_CODE = YES;
				CLANG_WARN__DUPLICATE_METHOD_MATCH = YES;
				COPY_PHASE_STRIP = NO;
				DEBUG_INFORMATION_FORMAT = "dwarf-with-dsym";
				DEVELOPMENT_TEAM = H6WZ83BNAM;
				ENABLE_NS_ASSERTIONS = NO;
				ENABLE_STRICT_OBJC_MSGSEND = YES;
				ENABLE_USER_SCRIPT_SANDBOXING = YES;
				GCC_C_LANGUAGE_STANDARD = gnu11;
				GCC_NO_COMMON_BLOCKS = YES;
				GCC_WARN_64_TO_32_BIT_CONVERSION = YES;
				GCC_WARN_ABOUT_RETURN_TYPE = YES_ERROR;
				GCC_WARN_UNDECLARED_SELECTOR = YES;
				GCC_WARN_UNINITIALIZED_AUTOS = YES_AGGRESSIVE;
				GCC_WARN_UNUSED_FUNCTION = YES;
				GCC_WARN_UNUSED_VARIABLE = YES;
				IPHONEOS_DEPLOYMENT_TARGET = 13.1.3;
				MTL_ENABLE_DEBUG_INFO = NO;
				MTL_FAST_MATH = YES;
				PRODUCT_NAME = "$(TARGET_NAME)";
				SDKROOT = iphoneos;
				SWIFT_COMPILATION_MODE = wholemodule;
				SWIFT_OPTIMIZATION_LEVEL = "-O";
				SWIFT_VERSION = 5.0;
				TARGETED_DEVICE_FAMILY = "1,2";
			};
			name = Release;
		};
		C98E92F3D9C2A856954EA6D4 /* Release */ = {
			isa = XCBuildConfiguration;
			buildSettings = {
				ASSETCATALOG_COMPILER_APPICON_NAME = AppIcon;
				BUNDLE_DISPLAY_NAME = BusdesNativeiOS;
				CODE_SIGN_IDENTITY = "Apple Development";
				CODE_SIGN_STYLE = Automatic;
				CURRENT_PROJECT_BUILD_NUMBER = 1;
				INFOPLIST_FILE = BusdesNativeiOS/Info.plist;
				INFOPLIST_KEY_CFBundleDisplayName = "Busdes!";
				INFOPLIST_KEY_LSApplicationCategoryType = "public.app-category.navigation";
				IPHONEOS_DEPLOYMENT_TARGET = 17.0;
				LD_RUNPATH_SEARCH_PATHS = (
					"$(inherited)",
					"@executable_path/Frameworks",
				);
				MARKETING_VERSION = 9.0.0;
				PRODUCT_BUNDLE_IDENTIFIER = busdes.rits.jp;
				PROVISIONING_PROFILE_SPECIFIER = "";
				SDKROOT = iphoneos;
				TARGETED_DEVICE_FAMILY = "1,2";
			};
			name = Release;
		};
/* End XCBuildConfiguration section */

/* Begin XCConfigurationList section */
		97A47B3277B2C8776A98EBDB /* Build configuration list for PBXProject "BusdesNativeiOS" */ = {
			isa = XCConfigurationList;
			buildConfigurations = (
				17C5191BEF0EE25FBC486C6E /* Develop */,
				C0C101CAAC5274E72E155AC6 /* Release */,
			);
			defaultConfigurationIsVisible = 0;
			defaultConfigurationName = Develop;
		};
		B133766E13A88BDECFD73123 /* Build configuration list for PBXNativeTarget "BusdesNativeiOS" */ = {
			isa = XCConfigurationList;
			buildConfigurations = (
				8C11E2A6386BEE8F8F355848 /* Develop */,
				C98E92F3D9C2A856954EA6D4 /* Release */,
			);
			defaultConfigurationIsVisible = 0;
			defaultConfigurationName = Develop;
		};
/* End XCConfigurationList section */

/* Begin XCVersionGroup section */
		1529509ABA3468ABCFACF064 /* BusdesNativeiOS.xcdatamodeld */ = {
			isa = XCVersionGroup;
			children = (
				F57E2C484A0B2F3420A862CB /* BusdesNativeiOS.xcdatamodel */,
			);
			currentVersion = F57E2C484A0B2F3420A862CB /* BusdesNativeiOS.xcdatamodel */;
			path = BusdesNativeiOS.xcdatamodeld;
			sourceTree = "<group>";
			versionGroupType = wrapper.xcdatamodel;
		};
/* End XCVersionGroup section */
	};
	rootObject = B5CB44FBE37E99D75DFE4693 /* Project object */;
}
