// !$*UTF8*$!
{
	archiveVersion = 1;
	classes = {
	};
	objectVersion = 54;
	objects = {

/* Begin PBXBuildFile section */
		015AC0B024D0DF931692D921 /* Main.storyboard in Resources */ = {isa = PBXBuildFile; fileRef = 04599D0A79DC8E6E5803FCA9 /* Main.storyboard */; };
		029F09D97AAFD847B3CCB206 /* SourceHanSansHW-Regular.otf in Resources */ = {isa = PBXBuildFile; fileRef = F60A5B44867B54B184A4B89F /* SourceHanSansHW-Regular.otf */; };
		41E7A1B16016C124BA469207 /* WebViewModel.swift in Sources */ = {isa = PBXBuildFile; fileRef = 87A86628917276E18E5D2B3C /* WebViewModel.swift */; };
		4A3E852C7A45F41687C4122B /* ViewController.swift in Sources */ = {isa = PBXBuildFile; fileRef = E527D521E9E6AAD5B06A30A8 /* ViewController.swift */; };
		4C683B6F0DE2F3D85CA73F45 /* LaunchScreen.storyboard in Resources */ = {isa = PBXBuildFile; fileRef = A207ED10CD5FE7E164F40DEB /* LaunchScreen.storyboard */; };
		4DBB87CAE72A1AC3ADAF3006 /* R.generated.swift in Sources */ = {isa = PBXBuildFile; fileRef = B0D5C5301495FC28FE016D16 /* R.generated.swift */; };
		5A3C0292DE40C6942EF5A798 /* MenuView.swift in Sources */ = {isa = PBXBuildFile; fileRef = 455D9DDA4E5E41414D9C66CB /* MenuView.swift */; };
		658404DA9FB4D892FAD1AED3 /* AppDelegate.swift in Sources */ = {isa = PBXBuildFile; fileRef = ED9131BC4042D8B79FC19A7A /* AppDelegate.swift */; };
		7790FE866AA9E7CEDD3BC37D /* SourceHanSansHW-Bold.otf in Resources */ = {isa = PBXBuildFile; fileRef = 8A6197F1ACD5282F8D9A77B7 /* SourceHanSansHW-Bold.otf */; };
		8A3D2CAFE06063FD1871B0F4 /* UIHostingController+coverView.swift in Sources */ = {isa = PBXBuildFile; fileRef = 9553E1586F5610EB84083682 /* UIHostingController+coverView.swift */; };
		8C0634DEC42AD2C1F3704A17 /* SceneDelegate.swift in Sources */ = {isa = PBXBuildFile; fileRef = 8E53D9DBAD3FF2340C1D5E89 /* SceneDelegate.swift */; };
		A39B1C35F9E6854FF25BF4EC /* WebView.swift in Sources */ = {isa = PBXBuildFile; fileRef = BDA3BA978B0852276555987C /* WebView.swift */; };
		C94A8D2B034A605B5F77C197 /* WebViewModel+Cordinator.swift in Sources */ = {isa = PBXBuildFile; fileRef = C15975A91EA40BF9E8168A1A /* WebViewModel+Cordinator.swift */; };
		D4B95460112F635015DC51CB /* Niveau Grotesk Medium.otf in Resources */ = {isa = PBXBuildFile; fileRef = 7F85953A351012BF6CA6331B /* Niveau Grotesk Medium.otf */; };
		DE4AAC3C9F63A3B5F3C2171D /* Assets.xcassets in Resources */ = {isa = PBXBuildFile; fileRef = C01B753F05B3584CFE61D32E /* Assets.xcassets */; };
		F1B93AA3138126B84DACB6DD /* RswiftLibrary in Frameworks */ = {isa = PBXBuildFile; productRef = 48F6FE6C66954BEE228A9B22 /* RswiftLibrary */; };
		FC89463A970FFFE31F7FA589 /* HomeView.swift in Sources */ = {isa = PBXBuildFile; fileRef = 466C5F8ECABFE47E3F7A8F63 /* HomeView.swift */; };
/* End PBXBuildFile section */

/* Begin PBXFileReference section */
		455D9DDA4E5E41414D9C66CB /* MenuView.swift */ = {isa = PBXFileReference; lastKnownFileType = sourcecode.swift; path = MenuView.swift; sourceTree = "<group>"; };
		466C5F8ECABFE47E3F7A8F63 /* HomeView.swift */ = {isa = PBXFileReference; lastKnownFileType = sourcecode.swift; path = HomeView.swift; sourceTree = "<group>"; };
		7F85953A351012BF6CA6331B /* Niveau Grotesk Medium.otf */ = {isa = PBXFileReference; path = "Niveau Grotesk Medium.otf"; sourceTree = "<group>"; };
		87A86628917276E18E5D2B3C /* WebViewModel.swift */ = {isa = PBXFileReference; lastKnownFileType = sourcecode.swift; path = WebViewModel.swift; sourceTree = "<group>"; };
		89B3160AD9D3F2EDE1828C63 /* BusdesNativeiOS.app */ = {isa = PBXFileReference; includeInIndex = 0; lastKnownFileType = wrapper.application; path = BusdesNativeiOS.app; sourceTree = BUILT_PRODUCTS_DIR; };
		8A6197F1ACD5282F8D9A77B7 /* SourceHanSansHW-Bold.otf */ = {isa = PBXFileReference; path = "SourceHanSansHW-Bold.otf"; sourceTree = "<group>"; };
		8C6D8371453AB2499855EB38 /* Info.plist */ = {isa = PBXFileReference; lastKnownFileType = text.plist; path = Info.plist; sourceTree = "<group>"; };
		8E53D9DBAD3FF2340C1D5E89 /* SceneDelegate.swift */ = {isa = PBXFileReference; lastKnownFileType = sourcecode.swift; path = SceneDelegate.swift; sourceTree = "<group>"; };
		9553E1586F5610EB84083682 /* UIHostingController+coverView.swift */ = {isa = PBXFileReference; lastKnownFileType = sourcecode.swift; path = "UIHostingController+coverView.swift"; sourceTree = "<group>"; };
		B0D5C5301495FC28FE016D16 /* R.generated.swift */ = {isa = PBXFileReference; lastKnownFileType = sourcecode.swift; name = R.generated.swift; path = Generated/R.generated.swift; sourceTree = "<group>"; };
		BDA3BA978B0852276555987C /* WebView.swift */ = {isa = PBXFileReference; lastKnownFileType = sourcecode.swift; path = WebView.swift; sourceTree = "<group>"; };
		C01B753F05B3584CFE61D32E /* Assets.xcassets */ = {isa = PBXFileReference; lastKnownFileType = folder.assetcatalog; path = Assets.xcassets; sourceTree = "<group>"; };
		C15975A91EA40BF9E8168A1A /* WebViewModel+Cordinator.swift */ = {isa = PBXFileReference; lastKnownFileType = sourcecode.swift; path = "WebViewModel+Cordinator.swift"; sourceTree = "<group>"; };
		E527D521E9E6AAD5B06A30A8 /* ViewController.swift */ = {isa = PBXFileReference; lastKnownFileType = sourcecode.swift; path = ViewController.swift; sourceTree = "<group>"; };
		E83B0F902BDB387DE3E66705 /* Base */ = {isa = PBXFileReference; lastKnownFileType = file.storyboard; name = Base; path = Base.lproj/Main.storyboard; sourceTree = "<group>"; };
		EA3C1C32DC5B00EB32FADAA4 /* Base */ = {isa = PBXFileReference; lastKnownFileType = file.storyboard; name = Base; path = Base.lproj/LaunchScreen.storyboard; sourceTree = "<group>"; };
		ED9131BC4042D8B79FC19A7A /* AppDelegate.swift */ = {isa = PBXFileReference; lastKnownFileType = sourcecode.swift; path = AppDelegate.swift; sourceTree = "<group>"; };
		F60A5B44867B54B184A4B89F /* SourceHanSansHW-Regular.otf */ = {isa = PBXFileReference; path = "SourceHanSansHW-Regular.otf"; sourceTree = "<group>"; };
/* End PBXFileReference section */

/* Begin PBXFrameworksBuildPhase section */
		7FD8147D44CD0C23CA71CAAA /* Frameworks */ = {
			isa = PBXFrameworksBuildPhase;
			buildActionMask = 2147483647;
			files = (
				F1B93AA3138126B84DACB6DD /* RswiftLibrary in Frameworks */,
			);
			runOnlyForDeploymentPostprocessing = 0;
		};
/* End PBXFrameworksBuildPhase section */

/* Begin PBXGroup section */
		1E0FFD14EB8DF9D15FFBDDBD /* BusdesNativeiOS */ = {
			isa = PBXGroup;
			children = (
				ED9131BC4042D8B79FC19A7A /* AppDelegate.swift */,
				C01B753F05B3584CFE61D32E /* Assets.xcassets */,
				8C6D8371453AB2499855EB38 /* Info.plist */,
				A207ED10CD5FE7E164F40DEB /* LaunchScreen.storyboard */,
				04599D0A79DC8E6E5803FCA9 /* Main.storyboard */,
				8E53D9DBAD3FF2340C1D5E89 /* SceneDelegate.swift */,
				9553E1586F5610EB84083682 /* UIHostingController+coverView.swift */,
				E527D521E9E6AAD5B06A30A8 /* ViewController.swift */,
				3F7792B066F4A4F905F8890D /* Fonts */,
				8DB52B5A8BA55A37F8762CDB /* Generated */,
				CCCA11E7C4927050BE2C4FF7 /* Views */,
			);
			path = BusdesNativeiOS;
			sourceTree = "<group>";
		};
		390FF4D32AEAC2B7FB3235DC = {
			isa = PBXGroup;
			children = (
				1E0FFD14EB8DF9D15FFBDDBD /* BusdesNativeiOS */,
				BFD14A1B3CFBC1D1E63C2807 /* Products */,
			);
			sourceTree = "<group>";
		};
		3C50F2F5CC12D536414FCA46 /* Home */ = {
			isa = PBXGroup;
			children = (
				466C5F8ECABFE47E3F7A8F63 /* HomeView.swift */,
			);
			path = Home;
			sourceTree = "<group>";
		};
		3F7792B066F4A4F905F8890D /* Fonts */ = {
			isa = PBXGroup;
			children = (
				7F85953A351012BF6CA6331B /* Niveau Grotesk Medium.otf */,
				8A6197F1ACD5282F8D9A77B7 /* SourceHanSansHW-Bold.otf */,
				F60A5B44867B54B184A4B89F /* SourceHanSansHW-Regular.otf */,
			);
			path = Fonts;
			sourceTree = "<group>";
		};
		7C6F05C8B69D15ED234C68B9 /* Web */ = {
			isa = PBXGroup;
			children = (
				BDA3BA978B0852276555987C /* WebView.swift */,
				87A86628917276E18E5D2B3C /* WebViewModel.swift */,
			);
			path = Web;
			sourceTree = "<group>";
		};
		8DB52B5A8BA55A37F8762CDB /* Generated */ = {
			isa = PBXGroup;
			children = (
				B0D5C5301495FC28FE016D16 /* R.generated.swift */,
			);
			name = Generated;
			sourceTree = "<group>";
		};
		BFD14A1B3CFBC1D1E63C2807 /* Products */ = {
			isa = PBXGroup;
			children = (
				89B3160AD9D3F2EDE1828C63 /* BusdesNativeiOS.app */,
			);
			name = Products;
			sourceTree = "<group>";
		};
		CCCA11E7C4927050BE2C4FF7 /* Views */ = {
			isa = PBXGroup;
			children = (
				C15975A91EA40BF9E8168A1A /* WebViewModel+Cordinator.swift */,
				3C50F2F5CC12D536414FCA46 /* Home */,
				D16C058565B8EFAD51CFDD92 /* Menu */,
				7C6F05C8B69D15ED234C68B9 /* Web */,
			);
			path = Views;
			sourceTree = "<group>";
		};
		D16C058565B8EFAD51CFDD92 /* Menu */ = {
			isa = PBXGroup;
			children = (
				455D9DDA4E5E41414D9C66CB /* MenuView.swift */,
			);
			path = Menu;
			sourceTree = "<group>";
		};
/* End PBXGroup section */

/* Begin PBXNativeTarget section */
		493912A3FBFA8DE71D312704 /* BusdesNativeiOS */ = {
			isa = PBXNativeTarget;
			buildConfigurationList = B133766E13A88BDECFD73123 /* Build configuration list for PBXNativeTarget "BusdesNativeiOS" */;
			buildPhases = (
				C6312CAC655AAC29E14A03B1 /* R.Swift */,
				14BEC0A8A842D5065AF551FC /* SwiftLint */,
				F08702742ECB38DC54E58AEA /* Sources */,
				F03C891D5A13172014B3FFF9 /* Resources */,
				7FD8147D44CD0C23CA71CAAA /* Frameworks */,
			);
			buildRules = (
			);
			dependencies = (
			);
			name = BusdesNativeiOS;
			packageProductDependencies = (
				48F6FE6C66954BEE228A9B22 /* RswiftLibrary */,
			);
			productName = BusdesNativeiOS;
			productReference = 89B3160AD9D3F2EDE1828C63 /* BusdesNativeiOS.app */;
			productType = "com.apple.product-type.application";
		};
/* End PBXNativeTarget section */

/* Begin PBXProject section */
		B5CB44FBE37E99D75DFE4693 /* Project object */ = {
			isa = PBXProject;
			attributes = {
				BuildIndependentTargetsInParallel = YES;
				LastUpgradeCheck = 1430;
				TargetAttributes = {
				};
			};
			buildConfigurationList = 97A47B3277B2C8776A98EBDB /* Build configuration list for PBXProject "BusdesNativeiOS" */;
			compatibilityVersion = "Xcode 14.0";
			developmentRegion = ja;
			hasScannedForEncodings = 0;
			knownRegions = (
				Base,
				ja,
			);
			mainGroup = 390FF4D32AEAC2B7FB3235DC;
			packageReferences = (
				89BA2126BDC57806B7A27D79 /* XCRemoteSwiftPackageReference "R.swift" */,
			);
			projectDirPath = "";
			projectRoot = "";
			targets = (
				493912A3FBFA8DE71D312704 /* BusdesNativeiOS */,
			);
		};
/* End PBXProject section */

/* Begin PBXResourcesBuildPhase section */
		F03C891D5A13172014B3FFF9 /* Resources */ = {
			isa = PBXResourcesBuildPhase;
			buildActionMask = 2147483647;
			files = (
				DE4AAC3C9F63A3B5F3C2171D /* Assets.xcassets in Resources */,
				4C683B6F0DE2F3D85CA73F45 /* LaunchScreen.storyboard in Resources */,
				015AC0B024D0DF931692D921 /* Main.storyboard in Resources */,
				D4B95460112F635015DC51CB /* Niveau Grotesk Medium.otf in Resources */,
				7790FE866AA9E7CEDD3BC37D /* SourceHanSansHW-Bold.otf in Resources */,
				029F09D97AAFD847B3CCB206 /* SourceHanSansHW-Regular.otf in Resources */,
			);
			runOnlyForDeploymentPostprocessing = 0;
		};
/* End PBXResourcesBuildPhase section */

/* Begin PBXShellScriptBuildPhase section */
		14BEC0A8A842D5065AF551FC /* SwiftLint */ = {
			isa = PBXShellScriptBuildPhase;
			alwaysOutOfDate = 1;
			buildActionMask = 2147483647;
			files = (
			);
			inputFileListPaths = (
			);
			inputPaths = (
			);
			name = SwiftLint;
			outputFileListPaths = (
			);
			outputPaths = (
			);
			runOnlyForDeploymentPostprocessing = 0;
			shellPath = /bin/zsh;
			shellScript = "if mint list | grep -q 'SwiftLint'; then\n    mint run swiftlint\nelse\n    echo \"warning: SwiftLint not installed.\"\nfi\n";
		};
		C6312CAC655AAC29E14A03B1 /* R.Swift */ = {
			isa = PBXShellScriptBuildPhase;
			alwaysOutOfDate = 1;
			buildActionMask = 2147483647;
			files = (
			);
			inputFileListPaths = (
			);
			inputPaths = (
				"$TEMP_DIR/rswift-lastrun",
			);
			name = R.Swift;
			outputFileListPaths = (
			);
			outputPaths = (
				$SRCROOT/BusdesNativeiOS/Generated/R.generated.swift,
			);
			runOnlyForDeploymentPostprocessing = 0;
			shellPath = /bin/zsh;
			shellScript = "if mint list | grep -q 'R.swift'; then\n  mint run R.swift rswift generate \"$SRCROOT/BusdesNativeiOS/Generated/R.generated.swift\"\nelse\n  echo \"error: R.swift not installed; run 'mint bootstrap' to install\"\n  return -1\nfi       \n";
		};
/* End PBXShellScriptBuildPhase section */

/* Begin PBXSourcesBuildPhase section */
		F08702742ECB38DC54E58AEA /* Sources */ = {
			isa = PBXSourcesBuildPhase;
			buildActionMask = 2147483647;
			files = (
				658404DA9FB4D892FAD1AED3 /* AppDelegate.swift in Sources */,
				FC89463A970FFFE31F7FA589 /* HomeView.swift in Sources */,
				5A3C0292DE40C6942EF5A798 /* MenuView.swift in Sources */,
				4DBB87CAE72A1AC3ADAF3006 /* R.generated.swift in Sources */,
				8C0634DEC42AD2C1F3704A17 /* SceneDelegate.swift in Sources */,
				8A3D2CAFE06063FD1871B0F4 /* UIHostingController+coverView.swift in Sources */,
				4A3E852C7A45F41687C4122B /* ViewController.swift in Sources */,
				A39B1C35F9E6854FF25BF4EC /* WebView.swift in Sources */,
				C94A8D2B034A605B5F77C197 /* WebViewModel+Cordinator.swift in Sources */,
				41E7A1B16016C124BA469207 /* WebViewModel.swift in Sources */,
			);
			runOnlyForDeploymentPostprocessing = 0;
		};
/* End PBXSourcesBuildPhase section */

/* Begin PBXVariantGroup section */
		04599D0A79DC8E6E5803FCA9 /* Main.storyboard */ = {
			isa = PBXVariantGroup;
			children = (
				E83B0F902BDB387DE3E66705 /* Base */,
			);
			name = Main.storyboard;
			sourceTree = "<group>";
		};
		A207ED10CD5FE7E164F40DEB /* LaunchScreen.storyboard */ = {
			isa = PBXVariantGroup;
			children = (
				EA3C1C32DC5B00EB32FADAA4 /* Base */,
			);
			name = LaunchScreen.storyboard;
			sourceTree = "<group>";
		};
/* End PBXVariantGroup section */

/* Begin XCBuildConfiguration section */
		17C5191BEF0EE25FBC486C6E /* Develop */ = {
			isa = XCBuildConfiguration;
			buildSettings = {
				ALWAYS_SEARCH_USER_PATHS = NO;
				CLANG_ANALYZER_LOCALIZABILITY_NONLOCALIZED = YES;
				CLANG_ANALYZER_NONNULL = YES;
				CLANG_ANALYZER_NUMBER_OBJECT_CONVERSION = YES_AGGRESSIVE;
				CLANG_CXX_LANGUAGE_STANDARD = "gnu++14";
				CLANG_CXX_LIBRARY = "libc++";
				CLANG_ENABLE_MODULES = YES;
				CLANG_ENABLE_OBJC_ARC = YES;
				CLANG_ENABLE_OBJC_WEAK = YES;
				CLANG_WARN_BLOCK_CAPTURE_AUTORELEASING = YES;
				CLANG_WARN_BOOL_CONVERSION = YES;
				CLANG_WARN_COMMA = YES;
				CLANG_WARN_CONSTANT_CONVERSION = YES;
				CLANG_WARN_DEPRECATED_OBJC_IMPLEMENTATIONS = YES;
				CLANG_WARN_DIRECT_OBJC_ISA_USAGE = YES_ERROR;
				CLANG_WARN_DOCUMENTATION_COMMENTS = YES;
				CLANG_WARN_EMPTY_BODY = YES;
				CLANG_WARN_ENUM_CONVERSION = YES;
				CLANG_WARN_INFINITE_RECURSION = YES;
				CLANG_WARN_INT_CONVERSION = YES;
				CLANG_WARN_NON_LITERAL_NULL_CONVERSION = YES;
				CLANG_WARN_OBJC_IMPLICIT_RETAIN_SELF = YES;
				CLANG_WARN_OBJC_LITERAL_CONVERSION = YES;
				CLANG_WARN_OBJC_ROOT_CLASS = YES_ERROR;
				CLANG_WARN_QUOTED_INCLUDE_IN_FRAMEWORK_HEADER = YES;
				CLANG_WARN_RANGE_LOOP_ANALYSIS = YES;
				CLANG_WARN_STRICT_PROTOTYPES = YES;
				CLANG_WARN_SUSPICIOUS_MOVE = YES;
				CLANG_WARN_UNGUARDED_AVAILABILITY = YES_AGGRESSIVE;
				CLANG_WARN_UNREACHABLE_CODE = YES;
				CLANG_WARN__DUPLICATE_METHOD_MATCH = YES;
				COPY_PHASE_STRIP = NO;
				DEBUG_INFORMATION_FORMAT = dwarf;
				ENABLE_STRICT_OBJC_MSGSEND = YES;
				ENABLE_TESTABILITY = YES;
				GCC_C_LANGUAGE_STANDARD = gnu11;
				GCC_DYNAMIC_NO_PIC = NO;
				GCC_NO_COMMON_BLOCKS = YES;
				GCC_OPTIMIZATION_LEVEL = 0;
				GCC_PREPROCESSOR_DEFINITIONS = (
					"$(inherited)",
					"DEBUG=1",
				);
				GCC_WARN_64_TO_32_BIT_CONVERSION = YES;
				GCC_WARN_ABOUT_RETURN_TYPE = YES_ERROR;
				GCC_WARN_UNDECLARED_SELECTOR = YES;
				GCC_WARN_UNINITIALIZED_AUTOS = YES_AGGRESSIVE;
				GCC_WARN_UNUSED_FUNCTION = YES;
				GCC_WARN_UNUSED_VARIABLE = YES;
				IPHONEOS_DEPLOYMENT_TARGET = 13.1.3;
				MTL_ENABLE_DEBUG_INFO = INCLUDE_SOURCE;
				MTL_FAST_MATH = YES;
				ONLY_ACTIVE_ARCH = YES;
				PRODUCT_NAME = "$(TARGET_NAME)";
				SDKROOT = iphoneos;
				SWIFT_ACTIVE_COMPILATION_CONDITIONS = DEBUG;
				SWIFT_OPTIMIZATION_LEVEL = "-Onone";
				SWIFT_VERSION = 5.0;
				TARGETED_DEVICE_FAMILY = "1,2";
			};
			name = Develop;
		};
		8C11E2A6386BEE8F8F355848 /* Develop */ = {
			isa = XCBuildConfiguration;
			buildSettings = {
				ASSETCATALOG_COMPILER_APPICON_NAME = AppIcon;
				BUNDLE_DISPLAY_NAME = BusdesNativeiOS;
				CODE_SIGN_IDENTITY = "iPhone Developer";
				CURRENT_PROJECT_BUILD_NUMBER = 1;
				INFOPLIST_FILE = BusdesNativeiOS/Info.plist;
				IPHONEOS_DEPLOYMENT_TARGET = 17.0;
				LD_RUNPATH_SEARCH_PATHS = (
					"$(inherited)",
					"@executable_path/Frameworks",
				);
				MARKETING_VERSION = 1.0.0;
				PRODUCT_BUNDLE_IDENTIFIER = com.watnow.BusdesNativeiOS.BusdesNativeiOS;
				SDKROOT = iphoneos;
				TARGETED_DEVICE_FAMILY = "1,2";
			};
			name = Develop;
		};
		C0C101CAAC5274E72E155AC6 /* Release */ = {
			isa = XCBuildConfiguration;
			buildSettings = {
				ALWAYS_SEARCH_USER_PATHS = NO;
				CLANG_ANALYZER_LOCALIZABILITY_NONLOCALIZED = YES;
				CLANG_ANALYZER_NONNULL = YES;
				CLANG_ANALYZER_NUMBER_OBJECT_CONVERSION = YES_AGGRESSIVE;
				CLANG_CXX_LANGUAGE_STANDARD = "gnu++14";
				CLANG_CXX_LIBRARY = "libc++";
				CLANG_ENABLE_MODULES = YES;
				CLANG_ENABLE_OBJC_ARC = YES;
				CLANG_ENABLE_OBJC_WEAK = YES;
				CLANG_WARN_BLOCK_CAPTURE_AUTORELEASING = YES;
				CLANG_WARN_BOOL_CONVERSION = YES;
				CLANG_WARN_COMMA = YES;
				CLANG_WARN_CONSTANT_CONVERSION = YES;
				CLANG_WARN_DEPRECATED_OBJC_IMPLEMENTATIONS = YES;
				CLANG_WARN_DIRECT_OBJC_ISA_USAGE = YES_ERROR;
				CLANG_WARN_DOCUMENTATION_COMMENTS = YES;
				CLANG_WARN_EMPTY_BODY = YES;
				CLANG_WARN_ENUM_CONVERSION = YES;
				CLANG_WARN_INFINITE_RECURSION = YES;
				CLANG_WARN_INT_CONVERSION = YES;
				CLANG_WARN_NON_LITERAL_NULL_CONVERSION = YES;
				CLANG_WARN_OBJC_IMPLICIT_RETAIN_SELF = YES;
				CLANG_WARN_OBJC_LITERAL_CONVERSION = YES;
				CLANG_WARN_OBJC_ROOT_CLASS = YES_ERROR;
				CLANG_WARN_QUOTED_INCLUDE_IN_FRAMEWORK_HEADER = YES;
				CLANG_WARN_RANGE_LOOP_ANALYSIS = YES;
				CLANG_WARN_STRICT_PROTOTYPES = YES;
				CLANG_WARN_SUSPICIOUS_MOVE = YES;
				CLANG_WARN_UNGUARDED_AVAILABILITY = YES_AGGRESSIVE;
				CLANG_WARN_UNREACHABLE_CODE = YES;
				CLANG_WARN__DUPLICATE_METHOD_MATCH = YES;
				COPY_PHASE_STRIP = NO;
				DEBUG_INFORMATION_FORMAT = "dwarf-with-dsym";
				ENABLE_NS_ASSERTIONS = NO;
				ENABLE_STRICT_OBJC_MSGSEND = YES;
				GCC_C_LANGUAGE_STANDARD = gnu11;
				GCC_NO_COMMON_BLOCKS = YES;
				GCC_WARN_64_TO_32_BIT_CONVERSION = YES;
				GCC_WARN_ABOUT_RETURN_TYPE = YES_ERROR;
				GCC_WARN_UNDECLARED_SELECTOR = YES;
				GCC_WARN_UNINITIALIZED_AUTOS = YES_AGGRESSIVE;
				GCC_WARN_UNUSED_FUNCTION = YES;
				GCC_WARN_UNUSED_VARIABLE = YES;
				IPHONEOS_DEPLOYMENT_TARGET = 13.1.3;
				MTL_ENABLE_DEBUG_INFO = NO;
				MTL_FAST_MATH = YES;
				PRODUCT_NAME = "$(TARGET_NAME)";
				SDKROOT = iphoneos;
				SWIFT_COMPILATION_MODE = wholemodule;
				SWIFT_OPTIMIZATION_LEVEL = "-O";
				SWIFT_VERSION = 5.0;
				TARGETED_DEVICE_FAMILY = "1,2";
			};
			name = Release;
		};
		C98E92F3D9C2A856954EA6D4 /* Release */ = {
			isa = XCBuildConfiguration;
			buildSettings = {
				ASSETCATALOG_COMPILER_APPICON_NAME = AppIcon;
				BUNDLE_DISPLAY_NAME = BusdesNativeiOS;
				CODE_SIGN_IDENTITY = "iPhone Developer";
				CURRENT_PROJECT_BUILD_NUMBER = 1;
				INFOPLIST_FILE = BusdesNativeiOS/Info.plist;
				IPHONEOS_DEPLOYMENT_TARGET = 17.0;
				LD_RUNPATH_SEARCH_PATHS = (
					"$(inherited)",
					"@executable_path/Frameworks",
				);
				MARKETING_VERSION = 1.0.0;
				PRODUCT_BUNDLE_IDENTIFIER = com.watnow.BusdesNativeiOS.BusdesNativeiOS;
				SDKROOT = iphoneos;
				TARGETED_DEVICE_FAMILY = "1,2";
			};
			name = Release;
		};
/* End XCBuildConfiguration section */

/* Begin XCConfigurationList section */
		97A47B3277B2C8776A98EBDB /* Build configuration list for PBXProject "BusdesNativeiOS" */ = {
			isa = XCConfigurationList;
			buildConfigurations = (
				17C5191BEF0EE25FBC486C6E /* Develop */,
				C0C101CAAC5274E72E155AC6 /* Release */,
			);
			defaultConfigurationIsVisible = 0;
			defaultConfigurationName = Develop;
		};
		B133766E13A88BDECFD73123 /* Build configuration list for PBXNativeTarget "BusdesNativeiOS" */ = {
			isa = XCConfigurationList;
			buildConfigurations = (
				8C11E2A6386BEE8F8F355848 /* Develop */,
				C98E92F3D9C2A856954EA6D4 /* Release */,
			);
			defaultConfigurationIsVisible = 0;
			defaultConfigurationName = Develop;
		};
/* End XCConfigurationList section */

/* Begin XCRemoteSwiftPackageReference section */
		89BA2126BDC57806B7A27D79 /* XCRemoteSwiftPackageReference "R.swift" */ = {
			isa = XCRemoteSwiftPackageReference;
			repositoryURL = "https://github.com/mac-cain13/R.swift.git";
			requirement = {
				kind = exactVersion;
				version = 7.3.0;
			};
		};
/* End XCRemoteSwiftPackageReference section */

/* Begin XCSwiftPackageProductDependency section */
		48F6FE6C66954BEE228A9B22 /* RswiftLibrary */ = {
			isa = XCSwiftPackageProductDependency;
			package = 89BA2126BDC57806B7A27D79 /* XCRemoteSwiftPackageReference "R.swift" */;
			productName = RswiftLibrary;
		};
/* End XCSwiftPackageProductDependency section */
	};
	rootObject = B5CB44FBE37E99D75DFE4693 /* Project object */;
}
