{
  "originHash" : "a0e7c8e02f923b679180e347f7fdac90c95fc27903ff96ecee91f17a7815ce78",
  "pins" : [
    {
      "identity" : "swift-package-manager-google-mobile-ads",
      "kind" : "remoteSourceControl",
      "location" : "https://github.com/googleads/swift-package-manager-google-mobile-ads",
      "state" : {
        "revision" : "5f3a0ffb76bdd6f61d24c7398d40c8f09c98006d",
        "version" : "12.12.0"
      }
    },
    {
      "identity" : "swift-package-manager-google-user-messaging-platform",
      "kind" : "remoteSourceControl",
      "location" : "https://github.com/googleads/swift-package-manager-google-user-messaging-platform.git",
      "state" : {
        "revision" : "69b53394c5258b3fe688e625a998047d1f393497",
        "version" : "3.0.0"
      }
    }
  ],
  "version" : 3
}
